
Microsoft Visual Studio Solution File, Format Version 12.00
# Visual Studio Version 17
VisualStudioVersion = 17.8.34525.116
MinimumVisualStudioVersion = 10.0.40219.1
Project("{FAE04EC0-301F-11D3-BF4B-00C04F79EFBC}") = "CMS", "CMS\CMS.csproj", "{8DB8C56A-270B-43AA-BEB0-2ABB9E18B724}"
EndProject
Project("{FAE04EC0-301F-11D3-BF4B-00C04F79EFBC}") = "Data", "Data\Data.csproj", "{71968F49-C4B9-4058-BDB7-58F47E13A984}"
EndProject
Project("{FAE04EC0-301F-11D3-BF4B-00C04F79EFBC}") = "Website", "Website\Website.csproj", "{F96C0204-8B6B-49E4-B4F1-A52A6F367049}"
EndProject
Global
	GlobalSection(SolutionConfigurationPlatforms) = preSolution
		Debug|Any CPU = Debug|Any CPU
		Release|Any CPU = Release|Any CPU
	EndGlobalSection
	GlobalSection(ProjectConfigurationPlatforms) = postSolution
		{8DB8C56A-270B-43AA-BEB0-2ABB9E18B724}.Debug|Any CPU.ActiveCfg = Debug|Any CPU
		{8DB8C56A-270B-43AA-BEB0-2ABB9E18B724}.Debug|Any CPU.Build.0 = Debug|Any CPU
		{8DB8C56A-270B-43AA-BEB0-2ABB9E18B724}.Release|Any CPU.ActiveCfg = Release|Any CPU
		{8DB8C56A-270B-43AA-BEB0-2ABB9E18B724}.Release|Any CPU.Build.0 = Release|Any CPU
		{71968F49-C4B9-4058-BDB7-58F47E13A984}.Debug|Any CPU.ActiveCfg = Debug|Any CPU
		{71968F49-C4B9-4058-BDB7-58F47E13A984}.Debug|Any CPU.Build.0 = Debug|Any CPU
		{71968F49-C4B9-4058-BDB7-58F47E13A984}.Release|Any CPU.ActiveCfg = Release|Any CPU
		{71968F49-C4B9-4058-BDB7-58F47E13A984}.Release|Any CPU.Build.0 = Release|Any CPU
		{F96C0204-8B6B-49E4-B4F1-A52A6F367049}.Debug|Any CPU.ActiveCfg = Debug|Any CPU
		{F96C0204-8B6B-49E4-B4F1-A52A6F367049}.Debug|Any CPU.Build.0 = Debug|Any CPU
		{F96C0204-8B6B-49E4-B4F1-A52A6F367049}.Release|Any CPU.ActiveCfg = Release|Any CPU
		{F96C0204-8B6B-49E4-B4F1-A52A6F367049}.Release|Any CPU.Build.0 = Release|Any CPU
	EndGlobalSection
	GlobalSection(SolutionProperties) = preSolution
		HideSolutionNode = FALSE
	EndGlobalSection
	GlobalSection(ExtensibilityGlobals) = postSolution
		SolutionGuid = {AC485353-B61A-48A3-86B6-A29ADC44D57C}
	EndGlobalSection
EndGlobal
